
Microsoft Visual Studio Solution File, Format Version 12.00
# Visual Studio Version 17
VisualStudioVersion = 17.4.33205.214
MinimumVisualStudioVersion = 10.0.40219.1
Project("{FAE04EC0-301F-11D3-BF4B-00C04F79EFBC}") = "Workshop", "Workshop\Workshop.csproj", "{4C57D77A-C52E-4F91-BC46-170689FA0CB2}"
EndProject
Project("{FAE04EC0-301F-11D3-BF4B-00C04F79EFBC}") = "WorkshopTest", "WorkshopTest\WorkshopTest.csproj", "{5BDF5DDE-EF20-450D-9ABA-AB2A1C15AD8D}"
EndProject
Global
	GlobalSection(SolutionConfigurationPlatforms) = preSolution
		Debug|Any CPU = Debug|Any CPU
		Release|Any CPU = Release|Any CPU
	EndGlobalSection
	GlobalSection(ProjectConfigurationPlatforms) = postSolution
		{4C57D77A-C52E-4F91-BC46-170689FA0CB2}.Debug|Any CPU.ActiveCfg = Debug|Any CPU
		{4C57D77A-C52E-4F91-BC46-170689FA0CB2}.Debug|Any CPU.Build.0 = Debug|Any CPU
		{4C57D77A-C52E-4F91-BC46-170689FA0CB2}.Release|Any CPU.ActiveCfg = Release|Any CPU
		{4C57D77A-C52E-4F91-BC46-170689FA0CB2}.Release|Any CPU.Build.0 = Release|Any CPU
		{5BDF5DDE-EF20-450D-9ABA-AB2A1C15AD8D}.Debug|Any CPU.ActiveCfg = Debug|Any CPU
		{5BDF5DDE-EF20-450D-9ABA-AB2A1C15AD8D}.Debug|Any CPU.Build.0 = Debug|Any CPU
		{5BDF5DDE-EF20-450D-9ABA-AB2A1C15AD8D}.Release|Any CPU.ActiveCfg = Release|Any CPU
		{5BDF5DDE-EF20-450D-9ABA-AB2A1C15AD8D}.Release|Any CPU.Build.0 = Release|Any CPU
	EndGlobalSection
	GlobalSection(SolutionProperties) = preSolution
		HideSolutionNode = FALSE
	EndGlobalSection
	GlobalSection(ExtensibilityGlobals) = postSolution
		SolutionGuid = {526B00F8-C702-4D28-BD18-4144783D5A67}
	EndGlobalSection
EndGlobal
